
Microsoft Visual Studio Solution File, Format Version 12.00
# Visual Studio Version 16
VisualStudioVersion = 16.0.31424.327
MinimumVisualStudioVersion = 10.0.40219.1
Project("{FAE04EC0-301F-11D3-BF4B-00C04F79EFBC}") = "Melody Music-Theams_1", "Melody Music-Theams_1\Melody Music-Theams_1.csproj", "{97A09DB6-9F98-49C2-B529-3105D59DD4F6}"
EndProject
Global
	GlobalSection(SolutionConfigurationPlatforms) = preSolution
		Debug|Any CPU = Debug|Any CPU
		Release|Any CPU = Release|Any CPU
	EndGlobalSection
	GlobalSection(ProjectConfigurationPlatforms) = postSolution
		{97A09DB6-9F98-49C2-B529-3105D59DD4F6}.Debug|Any CPU.ActiveCfg = Debug|Any CPU
		{97A09DB6-9F98-49C2-B529-3105D59DD4F6}.Debug|Any CPU.Build.0 = Debug|Any CPU
		{97A09DB6-9F98-49C2-B529-3105D59DD4F6}.Release|Any CPU.ActiveCfg = Release|Any CPU
		{97A09DB6-9F98-49C2-B529-3105D59DD4F6}.Release|Any CPU.Build.0 = Release|Any CPU
	EndGlobalSection
	GlobalSection(SolutionProperties) = preSolution
		HideSolutionNode = FALSE
	EndGlobalSection
	GlobalSection(ExtensibilityGlobals) = postSolution
		SolutionGuid = {7BFBB1BC-8D31-40C6-A3B5-D028E9BD20BC}
	EndGlobalSection
EndGlobal
