
Microsoft Visual Studio Solution File, Format Version 12.00
# Visual Studio Version 16
VisualStudioVersion = 16.0.31424.327
MinimumVisualStudioVersion = 10.0.40219.1
Project("{FAE04EC0-301F-11D3-BF4B-00C04F79EFBC}") = "Melody Music-Theams_2", "Melody Music-Theams_2\Melody Music-Theams_2.csproj", "{78DE12A2-2782-441E-8568-AF8CC1332D72}"
EndProject
Global
	GlobalSection(SolutionConfigurationPlatforms) = preSolution
		Debug|Any CPU = Debug|Any CPU
		Release|Any CPU = Release|Any CPU
	EndGlobalSection
	GlobalSection(ProjectConfigurationPlatforms) = postSolution
		{78DE12A2-2782-441E-8568-AF8CC1332D72}.Debug|Any CPU.ActiveCfg = Debug|Any CPU
		{78DE12A2-2782-441E-8568-AF8CC1332D72}.Debug|Any CPU.Build.0 = Debug|Any CPU
		{78DE12A2-2782-441E-8568-AF8CC1332D72}.Release|Any CPU.ActiveCfg = Release|Any CPU
		{78DE12A2-2782-441E-8568-AF8CC1332D72}.Release|Any CPU.Build.0 = Release|Any CPU
	EndGlobalSection
	GlobalSection(SolutionProperties) = preSolution
		HideSolutionNode = FALSE
	EndGlobalSection
	GlobalSection(ExtensibilityGlobals) = postSolution
		SolutionGuid = {95F6824D-500E-4EFC-9376-3759B7FFDC06}
	EndGlobalSection
EndGlobal
